
Microsoft Visual Studio Solution File, Format Version 12.00
# Visual Studio 15
VisualStudioVersion = 15.0.28307.572
MinimumVisualStudioVersion = 10.0.40219.1
Project("{9A19103F-16F7-4668-BE54-9A1E7A4F7556}") = "WebApi", "WebApi\WebApi.csproj", "{3332813C-79F9-48D2-9D44-A07A5900383E}"
EndProject
Project("{9A19103F-16F7-4668-BE54-9A1E7A4F7556}") = "WebApi.Integration.Tests", "WebApi.Integration.Tests\WebApi.Integration.Tests.csproj", "{D43CA7CA-CB86-4336-B247-1CE32B57C77A}"
EndProject
Project("{9A19103F-16F7-4668-BE54-9A1E7A4F7556}") = "WebApi.Tests", "WebApi.Tests\WebApi.Tests.csproj", "{8184DB58-C6AF-47E4-AA4C-00D8DFF8037B}"
EndProject
Project("{2150E333-8FDC-42A3-9474-1A3956D46DE8}") = "Solution Items", "Solution Items", "{CB87875D-A046-4361-B10F-9E6D8822DE66}"
	ProjectSection(SolutionItems) = preProject
		.gitignore = .gitignore
	EndProjectSection
EndProject
Global
	GlobalSection(SolutionConfigurationPlatforms) = preSolution
		Debug|Any CPU = Debug|Any CPU
		Release|Any CPU = Release|Any CPU
	EndGlobalSection
	GlobalSection(ProjectConfigurationPlatforms) = postSolution
		{3332813C-79F9-48D2-9D44-A07A5900383E}.Debug|Any CPU.ActiveCfg = Debug|Any CPU
		{3332813C-79F9-48D2-9D44-A07A5900383E}.Debug|Any CPU.Build.0 = Debug|Any CPU
		{3332813C-79F9-48D2-9D44-A07A5900383E}.Release|Any CPU.ActiveCfg = Release|Any CPU
		{3332813C-79F9-48D2-9D44-A07A5900383E}.Release|Any CPU.Build.0 = Release|Any CPU
		{D43CA7CA-CB86-4336-B247-1CE32B57C77A}.Debug|Any CPU.ActiveCfg = Debug|Any CPU
		{D43CA7CA-CB86-4336-B247-1CE32B57C77A}.Debug|Any CPU.Build.0 = Debug|Any CPU
		{D43CA7CA-CB86-4336-B247-1CE32B57C77A}.Release|Any CPU.ActiveCfg = Release|Any CPU
		{D43CA7CA-CB86-4336-B247-1CE32B57C77A}.Release|Any CPU.Build.0 = Release|Any CPU
		{8184DB58-C6AF-47E4-AA4C-00D8DFF8037B}.Debug|Any CPU.ActiveCfg = Debug|Any CPU
		{8184DB58-C6AF-47E4-AA4C-00D8DFF8037B}.Debug|Any CPU.Build.0 = Debug|Any CPU
		{8184DB58-C6AF-47E4-AA4C-00D8DFF8037B}.Release|Any CPU.ActiveCfg = Release|Any CPU
		{8184DB58-C6AF-47E4-AA4C-00D8DFF8037B}.Release|Any CPU.Build.0 = Release|Any CPU
	EndGlobalSection
	GlobalSection(SolutionProperties) = preSolution
		HideSolutionNode = FALSE
	EndGlobalSection
	GlobalSection(ExtensibilityGlobals) = postSolution
		SolutionGuid = {03CA90E6-CFDA-4551-9AF6-F2E87390A24A}
	EndGlobalSection
EndGlobal
